
Microsoft Visual Studio Solution File, Format Version 12.00
# Visual Studio Version 16
VisualStudioVersion = 16.0.31025.194
MinimumVisualStudioVersion = 10.0.40219.1
Project("{FAE04EC0-301F-11D3-BF4B-00C04F79EFBC}") = "RealTimeEstrategy", "RealTimeEstrategy\RealTimeEstrategy.csproj", "{4681E5D3-5CCC-41D9-864A-B003F56DB64A}"
EndProject
Project("{FAE04EC0-301F-11D3-BF4B-00C04F79EFBC}") = "Test", "Test\Test.csproj", "{0146D83C-8B7B-46E7-AB6B-840EB8BD3CF9}"
EndProject
Global
	GlobalSection(SolutionConfigurationPlatforms) = preSolution
		Debug|Any CPU = Debug|Any CPU
		Release|Any CPU = Release|Any CPU
	EndGlobalSection
	GlobalSection(ProjectConfigurationPlatforms) = postSolution
		{4681E5D3-5CCC-41D9-864A-B003F56DB64A}.Debug|Any CPU.ActiveCfg = Debug|Any CPU
		{4681E5D3-5CCC-41D9-864A-B003F56DB64A}.Debug|Any CPU.Build.0 = Debug|Any CPU
		{4681E5D3-5CCC-41D9-864A-B003F56DB64A}.Release|Any CPU.ActiveCfg = Release|Any CPU
		{4681E5D3-5CCC-41D9-864A-B003F56DB64A}.Release|Any CPU.Build.0 = Release|Any CPU
		{0146D83C-8B7B-46E7-AB6B-840EB8BD3CF9}.Debug|Any CPU.ActiveCfg = Debug|Any CPU
		{0146D83C-8B7B-46E7-AB6B-840EB8BD3CF9}.Debug|Any CPU.Build.0 = Debug|Any CPU
		{0146D83C-8B7B-46E7-AB6B-840EB8BD3CF9}.Release|Any CPU.ActiveCfg = Release|Any CPU
		{0146D83C-8B7B-46E7-AB6B-840EB8BD3CF9}.Release|Any CPU.Build.0 = Release|Any CPU
	EndGlobalSection
	GlobalSection(SolutionProperties) = preSolution
		HideSolutionNode = FALSE
	EndGlobalSection
	GlobalSection(ExtensibilityGlobals) = postSolution
		SolutionGuid = {9215DA79-257F-463C-BFAA-DAF2E25E41F0}
	EndGlobalSection
EndGlobal
